
Microsoft Visual Studio Solution File, Format Version 12.00
# Visual Studio Version 16
VisualStudioVersion = 16.0.30804.86
MinimumVisualStudioVersion = 10.0.40219.1
Project("{FAE04EC0-301F-11D3-BF4B-00C04F79EFBC}") = "blazor-timepicker", "blazor-timepicker.csproj", "{AF03C415-581F-4CDD-A8D3-A90FFF58AEE1}"
EndProject
Project("{FAE04EC0-301F-11D3-BF4B-00C04F79EFBC}") = "Demo", "Demo\Demo.csproj", "{8D560FCF-1E5D-4E42-AB32-D7ACDF5BAD0D}"
EndProject
Global
	GlobalSection(SolutionConfigurationPlatforms) = preSolution
		Debug|Any CPU = Debug|Any CPU
		Release|Any CPU = Release|Any CPU
	EndGlobalSection
	GlobalSection(ProjectConfigurationPlatforms) = postSolution
		{AF03C415-581F-4CDD-A8D3-A90FFF58AEE1}.Debug|Any CPU.ActiveCfg = Debug|Any CPU
		{AF03C415-581F-4CDD-A8D3-A90FFF58AEE1}.Debug|Any CPU.Build.0 = Debug|Any CPU
		{AF03C415-581F-4CDD-A8D3-A90FFF58AEE1}.Release|Any CPU.ActiveCfg = Release|Any CPU
		{AF03C415-581F-4CDD-A8D3-A90FFF58AEE1}.Release|Any CPU.Build.0 = Release|Any CPU
		{8D560FCF-1E5D-4E42-AB32-D7ACDF5BAD0D}.Debug|Any CPU.ActiveCfg = Debug|Any CPU
		{8D560FCF-1E5D-4E42-AB32-D7ACDF5BAD0D}.Debug|Any CPU.Build.0 = Debug|Any CPU
		{8D560FCF-1E5D-4E42-AB32-D7ACDF5BAD0D}.Release|Any CPU.ActiveCfg = Release|Any CPU
		{8D560FCF-1E5D-4E42-AB32-D7ACDF5BAD0D}.Release|Any CPU.Build.0 = Release|Any CPU
	EndGlobalSection
	GlobalSection(SolutionProperties) = preSolution
		HideSolutionNode = FALSE
	EndGlobalSection
	GlobalSection(ExtensibilityGlobals) = postSolution
		SolutionGuid = {401F1975-E07F-418D-BC52-C1CE1815D912}
	EndGlobalSection
EndGlobal
